<?xml version="1.0" encoding="UTF-8" standalone="yes" ?>
<CodeBlocks_project_file>
  <FileVersion major="1" minor="6" />
  <Project>
    <Option title="FiniteGalaxy" />
    <Option pch_mode="2" />
    <Option compiler="gcc" />
    <Build>
      <Target title="Debug">
        <Option output="bin/Debug/FiniteGalaxy" prefix_auto="1" extension_auto="1" />
        <Option object_output="obj/Debug/" />
        <Option type="0" />
        <Option compiler="gcc" />
        <Compiler>
          <Add option="-g" />
        </Compiler>
      </Target>
      <Target title="Release">
        <Option output="bin/Release/FiniteGalaxy" prefix_auto="1" extension_auto="1" />
        <Option object_output="obj/Release/" />
        <Option type="0" />
        <Option compiler="gcc" />
        <Compiler>
          <Add option="-O2" />
          <Add option="-msse3" />
        </Compiler>
        <Linker>
          <Add option="-s" />
        </Linker>
      </Target>
      <Target title="Win32">
        <Option output="bin/Win32/FiniteGalaxy" prefix_auto="1" extension_auto="1" />
        <Option object_output="obj/Win32/" />
        <Option type="0" />
        <Option compiler="gnu_gcc_compiler_win32" />
        <Option projectLinkerOptionsRelation="1" />
        <Option projectIncludeDirsRelation="1" />
        <Option projectLibDirsRelation="1" />
        <Compiler>
          <Add option="-O2" />
          <Add directory="C:/dev32/include" />
        </Compiler>
        <Linker>
          <Add option="-Wl,--subsystem,windows" />
          <Add option="-lwinmm" />
          <Add library="C:\Program Files (x86)\mingw-w64\i686-5.2.0-posix-dwarf-rt_v4-rev0\mingw32\i686-w64-mingw32\lib\libmingw32.a" />
          <Add library="C:\dev32\lib\libsdl2main.a" />
          <Add library="C:\dev32\lib\libsdl2.dll.a" />
          <Add library="C:\dev32\lib\libpng.dll.a" />
          <Add library="C:\dev32\lib\libturbojpeg.dll.a" />
          <Add library="C:\dev32\lib\libjpeg.dll.a" />
          <Add library="C:\dev32\lib\libmad.dll.a" />
          <Add library="C:\dev32\lib\libopenal.dll.a" />
          <Add library="C:\dev32\lib\libglew32.dll.a" />
          <Add library="C:\Program Files (x86)\mingw-w64\i686-5.2.0-posix-dwarf-rt_v4-rev0\mingw32\i686-w64-mingw32\lib\libopengl32.a" />
          <Add directory="C:/dev32/lib" />
        </Linker>
      </Target>
    </Build>
    <Compiler>
      <Add option="-std=c++14" />
      <Add option="-Wall" />
      <Add directory="C:/dev64/include" />
    </Compiler>
    <Linker>
      <Add option="-Wl,--subsystem,windows" />
      <Add option="-lwinmm" />
      <Add library="C:\Program Files\mingw64\x86_64-w64-mingw32\lib\libmingw32.a" />
      <Add library="C:\dev64\lib\libsdl2main.a" />
      <Add library="C:\dev64\lib\libsdl2.dll.a" />
      <Add library="C:\dev64\lib\libpng.dll.a" />
      <Add library="C:\dev64\lib\libturbojpeg.dll.a" />
      <Add library="C:\dev64\lib\libjpeg.dll.a" />
      <Add library="C:\dev64\lib\libmad.dll.a" />
      <Add library="C:\dev64\lib\libopenal.dll.a" />
      <Add library="C:\dev64\lib\libglew32.dll.a" />
      <Add library="C:\Program Files\mingw64\x86_64-w64-mingw32\lib\libopengl32.a" />
      <Add directory="C:/dev64/lib" />
    </Linker>
    <Unit filename="code/AI.cpp" />
    <Unit filename="code/AI.h" />
    <Unit filename="code/Account.cpp" />
    <Unit filename="code/Account.h" />
    <Unit filename="code/Angle.cpp" />
    <Unit filename="code/Angle.h" />
    <Unit filename="code/Armament.cpp" />
    <Unit filename="code/Armament.h" />
    <Unit filename="code/AsteroidField.cpp" />
    <Unit filename="code/AsteroidField.h" />
    <Unit filename="code/Audio.cpp" />
    <Unit filename="code/Audio.h" />
    <Unit filename="code/BankPanel.cpp" />
    <Unit filename="code/BankPanel.h" />
    <Unit filename="code/BatchDrawList.cpp" />
    <Unit filename="code/BatchDrawList.h" />
    <Unit filename="code/BatchShader.cpp" />
    <Unit filename="code/BatchShader.h" />
    <Unit filename="code/BoardingPanel.cpp" />
    <Unit filename="code/BoardingPanel.h" />
    <Unit filename="code/Body.cpp" />
    <Unit filename="code/Body.h" />
    <Unit filename="code/Cache.cpp" />
    <Unit filename="code/Cache.h" />
    <Unit filename="code/CaptureOdds.cpp" />
    <Unit filename="code/CaptureOdds.h" />
    <Unit filename="code/CargoHold.cpp" />
    <Unit filename="code/CargoHold.h" />
    <Unit filename="code/ClickZone.h" />
    <Unit filename="code/CollisionSet.cpp" />
    <Unit filename="code/CollisionSet.h" />
    <Unit filename="code/Colour.cpp" />
    <Unit filename="code/Colour.h" />
    <Unit filename="code/Command.cpp" />
    <Unit filename="code/Command.h" />
    <Unit filename="code/ConditionSet.cpp" />
    <Unit filename="code/ConditionSet.h" />
    <Unit filename="code/Conversation.cpp" />
    <Unit filename="code/Conversation.h" />
    <Unit filename="code/ConversationPanel.cpp" />
    <Unit filename="code/ConversationPanel.h" />
    <Unit filename="code/DataFile.cpp" />
    <Unit filename="code/DataFile.h" />
    <Unit filename="code/DataNode.cpp" />
    <Unit filename="code/DataNode.h" />
    <Unit filename="code/DataWriter.cpp" />
    <Unit filename="code/DataWriter.h" />
    <Unit filename="code/Date.cpp" />
    <Unit filename="code/Date.h" />
    <Unit filename="code/Depreciation.cpp" />
    <Unit filename="code/Depreciation.h" />
    <Unit filename="code/Dialogue.cpp" />
    <Unit filename="code/Dialogue.h" />
    <Unit filename="code/Dictionary.cpp" />
    <Unit filename="code/Dictionary.h" />
    <Unit filename="code/DistanceMap.cpp" />
    <Unit filename="code/DistanceMap.h" />
    <Unit filename="code/DrawList.cpp" />
    <Unit filename="code/DrawList.h" />
    <Unit filename="code/Effect.cpp" />
    <Unit filename="code/Effect.h" />
    <Unit filename="code/Engine.cpp" />
    <Unit filename="code/Engine.h" />
    <Unit filename="code/EscortDisplay.cpp" />
    <Unit filename="code/EscortDisplay.h" />
    <Unit filename="code/File.cpp" />
    <Unit filename="code/File.h" />
    <Unit filename="code/Files.cpp" />
    <Unit filename="code/Files.h" />
    <Unit filename="code/FillShader.cpp" />
    <Unit filename="code/FillShader.h" />
    <Unit filename="code/Fleet.cpp" />
    <Unit filename="code/Fleet.h" />
    <Unit filename="code/Flotsam.cpp" />
    <Unit filename="code/Flotsam.h" />
    <Unit filename="code/FogShader.cpp" />
    <Unit filename="code/FogShader.h" />
    <Unit filename="code/Font.cpp" />
    <Unit filename="code/Font.h" />
    <Unit filename="code/FontSet.cpp" />
    <Unit filename="code/FontSet.h" />
    <Unit filename="code/Format.cpp" />
    <Unit filename="code/Format.h" />
    <Unit filename="code/FrameTimer.cpp" />
    <Unit filename="code/FrameTimer.h" />
    <Unit filename="code/Galaxy.cpp" />
    <Unit filename="code/Galaxy.h" />
    <Unit filename="code/GameData.cpp" />
    <Unit filename="code/GameData.h" />
    <Unit filename="code/GameEvent.cpp" />
    <Unit filename="code/GameEvent.h" />
    <Unit filename="code/Government.cpp" />
    <Unit filename="code/Government.h" />
    <Unit filename="code/HailPanel.cpp" />
    <Unit filename="code/HailPanel.h" />
    <Unit filename="code/Hardpoint.cpp" />
    <Unit filename="code/Hardpoint.h" />
    <Unit filename="code/HiringPanel.cpp" />
    <Unit filename="code/HiringPanel.h" />
    <Unit filename="code/ImageBuffer.cpp" />
    <Unit filename="code/ImageBuffer.h" />
    <Unit filename="code/ImageSet.cpp" />
    <Unit filename="code/ImageSet.h" />
    <Unit filename="code/Information.cpp" />
    <Unit filename="code/Information.h" />
    <Unit filename="code/Interface.cpp" />
    <Unit filename="code/Interface.h" />
    <Unit filename="code/ItemInfoDisplay.cpp" />
    <Unit filename="code/ItemInfoDisplay.h" />
    <Unit filename="code/LineShader.cpp" />
    <Unit filename="code/LineShader.h" />
    <Unit filename="code/LoadPanel.cpp" />
    <Unit filename="code/LoadPanel.h" />
    <Unit filename="code/LocationFilter.cpp" />
    <Unit filename="code/LocationFilter.h" />
    <Unit filename="code/LogbookPanel.cpp" />
    <Unit filename="code/LogbookPanel.h" />
    <Unit filename="code/MainPanel.cpp" />
    <Unit filename="code/MainPanel.h" />
    <Unit filename="code/MapDetailPanel.cpp" />
    <Unit filename="code/MapDetailPanel.h" />
    <Unit filename="code/MapOutfitterPanel.cpp" />
    <Unit filename="code/MapOutfitterPanel.h" />
    <Unit filename="code/MapPanel.cpp" />
    <Unit filename="code/MapPanel.h" />
    <Unit filename="code/MapSalesPanel.cpp" />
    <Unit filename="code/MapSalesPanel.h" />
    <Unit filename="code/MapShipyardPanel.cpp" />
    <Unit filename="code/MapShipyardPanel.h" />
    <Unit filename="code/Mask.cpp" />
    <Unit filename="code/Mask.h" />
    <Unit filename="code/MenuPanel.cpp" />
    <Unit filename="code/MenuPanel.h" />
    <Unit filename="code/Messages.cpp" />
    <Unit filename="code/Messages.h" />
    <Unit filename="code/Minable.cpp" />
    <Unit filename="code/Minable.h" />
    <Unit filename="code/Mission.cpp" />
    <Unit filename="code/Mission.h" />
    <Unit filename="code/MissionAction.cpp" />
    <Unit filename="code/MissionAction.h" />
    <Unit filename="code/MissionPanel.cpp" />
    <Unit filename="code/MissionPanel.h" />
    <Unit filename="code/Mortgage.cpp" />
    <Unit filename="code/Mortgage.h" />
    <Unit filename="code/Music.cpp" />
    <Unit filename="code/Music.h" />
    <Unit filename="code/News.cpp" />
    <Unit filename="code/News.h" />
    <Unit filename="code/NPC.cpp" />
    <Unit filename="code/NPC.h" />
    <Unit filename="code/Outfit.cpp" />
    <Unit filename="code/Outfit.h" />
    <Unit filename="code/OutfitInfoDisplay.cpp" />
    <Unit filename="code/OutfitInfoDisplay.h" />
    <Unit filename="code/OutfitterPanel.cpp" />
    <Unit filename="code/OutfitterPanel.h" />
    <Unit filename="code/OutlineShader.cpp" />
    <Unit filename="code/OutlineShader.h" />
    <Unit filename="code/Panel.cpp" />
    <Unit filename="code/Panel.h" />
    <Unit filename="code/Person.cpp" />
    <Unit filename="code/Person.h" />
    <Unit filename="code/Personality.cpp" />
    <Unit filename="code/Personality.h" />
    <Unit filename="code/Phrase.cpp" />
    <Unit filename="code/Phrase.h" />
    <Unit filename="code/Planet.cpp" />
    <Unit filename="code/Planet.h" />
    <Unit filename="code/PlanetLabel.cpp" />
    <Unit filename="code/PlanetLabel.h" />
    <Unit filename="code/PlanetPanel.cpp" />
    <Unit filename="code/PlanetPanel.h" />
    <Unit filename="code/PlayerInfo.cpp" />
    <Unit filename="code/PlayerInfo.h" />
    <Unit filename="code/PlayerInfoPanel.cpp" />
    <Unit filename="code/PlayerInfoPanel.h" />
    <Unit filename="code/Point.cpp" />
    <Unit filename="code/Point.h" />
    <Unit filename="code/PointerShader.cpp" />
    <Unit filename="code/PointerShader.h" />
    <Unit filename="code/Politics.cpp" />
    <Unit filename="code/Politics.h" />
    <Unit filename="code/Preferences.cpp" />
    <Unit filename="code/Preferences.h" />
    <Unit filename="code/PreferencesPanel.cpp" />
    <Unit filename="code/PreferencesPanel.h" />
    <Unit filename="code/Projectile.cpp" />
    <Unit filename="code/Projectile.h" />
    <Unit filename="code/Radar.cpp" />
    <Unit filename="code/Radar.h" />
    <Unit filename="code/Random.cpp" />
    <Unit filename="code/Random.h" />
    <Unit filename="code/Rectangle.cpp" />
    <Unit filename="code/Rectangle.h" />
    <Unit filename="code/RingShader.cpp" />
    <Unit filename="code/RingShader.h" />
    <Unit filename="code/Sale.h" />
    <Unit filename="code/SavedGame.cpp" />
    <Unit filename="code/SavedGame.h" />
    <Unit filename="code/Screen.cpp" />
    <Unit filename="code/Screen.h" />
    <Unit filename="code/Set.h" />
    <Unit filename="code/Shader.cpp" />
    <Unit filename="code/Shader.h" />
    <Unit filename="code/Ship.cpp" />
    <Unit filename="code/Ship.h" />
    <Unit filename="code/ShipEvent.cpp" />
    <Unit filename="code/ShipEvent.h" />
    <Unit filename="code/ShipInfoDisplay.cpp" />
    <Unit filename="code/ShipInfoDisplay.h" />
    <Unit filename="code/ShipInfoPanel.cpp" />
    <Unit filename="code/ShipInfoPanel.h" />
    <Unit filename="code/ShipyardPanel.cpp" />
    <Unit filename="code/ShipyardPanel.h" />
    <Unit filename="code/ShopPanel.cpp" />
    <Unit filename="code/ShopPanel.h" />
    <Unit filename="code/Sound.cpp" />
    <Unit filename="code/Sound.h" />
    <Unit filename="code/SpaceportPanel.cpp" />
    <Unit filename="code/SpaceportPanel.h" />
    <Unit filename="code/Sprite.cpp" />
    <Unit filename="code/Sprite.h" />
    <Unit filename="code/SpriteQueue.cpp" />
    <Unit filename="code/SpriteQueue.h" />
    <Unit filename="code/SpriteSet.cpp" />
    <Unit filename="code/SpriteSet.h" />
    <Unit filename="code/SpriteShader.cpp" />
    <Unit filename="code/SpriteShader.h" />
    <Unit filename="code/StarField.cpp" />
    <Unit filename="code/StarField.h" />
    <Unit filename="code/StartConditions.cpp" />
    <Unit filename="code/StartConditions.h" />
    <Unit filename="code/StellarObject.cpp" />
    <Unit filename="code/StellarObject.h" />
    <Unit filename="code/System.cpp" />
    <Unit filename="code/System.h" />
    <Unit filename="code/Table.cpp" />
    <Unit filename="code/Table.h" />
    <Unit filename="code/Trade.cpp" />
    <Unit filename="code/Trade.h" />
    <Unit filename="code/TradingPanel.cpp" />
    <Unit filename="code/TradingPanel.h" />
    <Unit filename="code/UI.cpp" />
    <Unit filename="code/UI.h" />
    <Unit filename="code/Utf8.cpp" />
    <Unit filename="code/Utf8.h" />
    <Unit filename="code/Visual.cpp" />
    <Unit filename="code/Visual.h" />
    <Unit filename="code/Weapon.cpp" />
    <Unit filename="code/Weapon.h" />
    <Unit filename="code/WinApp.rc">
      <Option compilerVar="WINDRES" />
    </Unit>
    <Unit filename="code/WrappedText.cpp" />
    <Unit filename="code/WrappedText.h" />
    <Unit filename="code/gl_header.h" />
    <Unit filename="code/main.cpp" />
    <Unit filename="code/pi.h" />
    <Unit filename="code/shift.h" />
    <Extensions>
      <code_completion />
      <envvars />
      <debugger />
      <lib_finder disable_auto="1" />
    </Extensions>
  </Project>
</CodeBlocks_project_file>

